
Microsoft Visual Studio Solution File, Format Version 12.00
# Visual Studio Version 16
VisualStudioVersion = 16.0.31515.178
MinimumVisualStudioVersion = 10.0.40219.1
Project("{FAE04EC0-301F-11D3-BF4B-00C04F79EFBC}") = "Clear_browser", "Clear_browser\Clear_browser.csproj", "{F5AB133F-28B8-4555-923B-16EB15DCEA4F}"
EndProject
Global
	GlobalSection(SolutionConfigurationPlatforms) = preSolution
		Debug|Any CPU = Debug|Any CPU
		Release|Any CPU = Release|Any CPU
	EndGlobalSection
	GlobalSection(ProjectConfigurationPlatforms) = postSolution
		{F5AB133F-28B8-4555-923B-16EB15DCEA4F}.Debug|Any CPU.ActiveCfg = Debug|Any CPU
		{F5AB133F-28B8-4555-923B-16EB15DCEA4F}.Debug|Any CPU.Build.0 = Debug|Any CPU
		{F5AB133F-28B8-4555-923B-16EB15DCEA4F}.Release|Any CPU.ActiveCfg = Release|Any CPU
		{F5AB133F-28B8-4555-923B-16EB15DCEA4F}.Release|Any CPU.Build.0 = Release|Any CPU
	EndGlobalSection
	GlobalSection(SolutionProperties) = preSolution
		HideSolutionNode = FALSE
	EndGlobalSection
	GlobalSection(ExtensibilityGlobals) = postSolution
		SolutionGuid = {04737272-3A37-4781-B124-C0358184E11C}
	EndGlobalSection
EndGlobal
